
Microsoft Visual Studio Solution File, Format Version 12.00
# Visual Studio Version 16
VisualStudioVersion = 16.0.29728.190
MinimumVisualStudioVersion = 10.0.40219.1
Project("{FAE04EC0-301F-11D3-BF4B-00C04F79EFBC}") = "Tv_Connect_App", "Tv_Connect_App\Tv_Connect_App.csproj", "{EB5ECC23-5B76-4ADB-BAE8-8604CE829903}"
EndProject
Global
	GlobalSection(SolutionConfigurationPlatforms) = preSolution
		Debug|Any CPU = Debug|Any CPU
		Release|Any CPU = Release|Any CPU
	EndGlobalSection
	GlobalSection(ProjectConfigurationPlatforms) = postSolution
		{EB5ECC23-5B76-4ADB-BAE8-8604CE829903}.Debug|Any CPU.ActiveCfg = Debug|Any CPU
		{EB5ECC23-5B76-4ADB-BAE8-8604CE829903}.Debug|Any CPU.Build.0 = Debug|Any CPU
		{EB5ECC23-5B76-4ADB-BAE8-8604CE829903}.Release|Any CPU.ActiveCfg = Release|Any CPU
		{EB5ECC23-5B76-4ADB-BAE8-8604CE829903}.Release|Any CPU.Build.0 = Release|Any CPU
	EndGlobalSection
	GlobalSection(SolutionProperties) = preSolution
		HideSolutionNode = FALSE
	EndGlobalSection
	GlobalSection(ExtensibilityGlobals) = postSolution
		SolutionGuid = {78A22ED1-EC06-4B33-9FAE-EA8ED562D22C}
	EndGlobalSection
EndGlobal
